
Microsoft Visual Studio Solution File, Format Version 12.00
# Visual Studio 2012
Project("{FAE04EC0-301F-11D3-BF4B-00C04F79EFBC}") = "MvcApplication2", "MvcApplication2\MvcApplication2.csproj", "{AFC36FDC-C7B5-4E21-8CB3-C5ADA8BE1DB3}"
EndProject
Global
	GlobalSection(SolutionConfigurationPlatforms) = preSolution
		Debug|Any CPU = Debug|Any CPU
		Release|Any CPU = Release|Any CPU
	EndGlobalSection
	GlobalSection(ProjectConfigurationPlatforms) = postSolution
		{AFC36FDC-C7B5-4E21-8CB3-C5ADA8BE1DB3}.Debug|Any CPU.ActiveCfg = Debug|Any CPU
		{AFC36FDC-C7B5-4E21-8CB3-C5ADA8BE1DB3}.Debug|Any CPU.Build.0 = Debug|Any CPU
		{AFC36FDC-C7B5-4E21-8CB3-C5ADA8BE1DB3}.Release|Any CPU.ActiveCfg = Release|Any CPU
		{AFC36FDC-C7B5-4E21-8CB3-C5ADA8BE1DB3}.Release|Any CPU.Build.0 = Release|Any CPU
	EndGlobalSection
	GlobalSection(SolutionProperties) = preSolution
		HideSolutionNode = FALSE
	EndGlobalSection
EndGlobal
